version = 1
requires-python = ">=3.12"

[[package]]
name = "gen-ai"
version = "0.1.0"
source = { virtual = "." }
dependencies = [
    { name = "networkx" },
]

[package.metadata]
requires-dist = [{ name = "networkx", specifier = ">=3.3" }]

[[package]]
name = "networkx"
version = "3.3"
source = { registry = "https://pypi.org/simple" }
sdist = { url = "https://files.pythonhosted.org/packages/04/e6/b164f94c869d6b2c605b5128b7b0cfe912795a87fc90e78533920001f3ec/networkx-3.3.tar.gz", hash = "sha256:0c127d8b2f4865f59ae9cb8aafcd60b5c70f3241ebd66f7defad7c4ab90126c9", size = 2126579 }
wheels = [
    { url = "https://files.pythonhosted.org/packages/38/e9/5f72929373e1a0e8d142a130f3f97e6ff920070f87f91c4e13e40e0fba5a/networkx-3.3-py3-none-any.whl", hash = "sha256:28575580c6ebdaf4505b22c6256a2b9de86b316dc63ba9e93abde3d78dfdbcf2", size = 1702396 },
]
